Microsoft Visual Studio Solution File, Format Version 11.00
# Visual Studio 2008

Project("{D56AFF3C-09A3-D7E2-3CF8-12F7BAD4B6EB}") = "Project Pirates", "Assembly-CSharp-firstpass.csproj", "{F7719D5F-215A-4104-60C8-902FD31BA73C}"
EndProject
Project("{D56AFF3C-09A3-D7E2-3CF8-12F7BAD4B6EB}") = "Project Pirates", "Assembly-CSharp.csproj", "{01CEB0BF-447C-F473-B739-73073DEED27E}"
EndProject
Project("{D56AFF3C-09A3-D7E2-3CF8-12F7BAD4B6EB}") = "Project Pirates", "Assembly-UnityScript-firstpass.unityproj", "{D8389BE7-6E19-9E34-37D3-BAD95D4B38DF}"
EndProject
Project("{D56AFF3C-09A3-D7E2-3CF8-12F7BAD4B6EB}") = "Project Pirates", "Assembly-UnityScript.unityproj", "{A48D6DB8-FD30-44C5-DB6E-B0466911F48E}"
EndProject
Global
	GlobalSection(SolutionConfigurationPlatforms) = preSolution
		Debug|Any CPU = Debug|Any CPU
		Release|Any CPU = Release|Any CPU
	EndGlobalSection
	GlobalSection(ProjectConfigurationPlatforms) = postSolution
		{F7719D5F-215A-4104-60C8-902FD31BA73C}.Debug|Any CPU.ActiveCfg = Debug|Any CPU
		{F7719D5F-215A-4104-60C8-902FD31BA73C}.Debug|Any CPU.Build.0 = Debug|Any CPU
		{F7719D5F-215A-4104-60C8-902FD31BA73C}.Release|Any CPU.ActiveCfg = Release|Any CPU
		{F7719D5F-215A-4104-60C8-902FD31BA73C}.Release|Any CPU.Build.0 = Release|Any CPU
		{01CEB0BF-447C-F473-B739-73073DEED27E}.Debug|Any CPU.ActiveCfg = Debug|Any CPU
		{01CEB0BF-447C-F473-B739-73073DEED27E}.Debug|Any CPU.Build.0 = Debug|Any CPU
		{01CEB0BF-447C-F473-B739-73073DEED27E}.Release|Any CPU.ActiveCfg = Release|Any CPU
		{01CEB0BF-447C-F473-B739-73073DEED27E}.Release|Any CPU.Build.0 = Release|Any CPU
		{D8389BE7-6E19-9E34-37D3-BAD95D4B38DF}.Debug|Any CPU.ActiveCfg = Debug|Any CPU
		{D8389BE7-6E19-9E34-37D3-BAD95D4B38DF}.Debug|Any CPU.Build.0 = Debug|Any CPU
		{D8389BE7-6E19-9E34-37D3-BAD95D4B38DF}.Release|Any CPU.ActiveCfg = Release|Any CPU
		{D8389BE7-6E19-9E34-37D3-BAD95D4B38DF}.Release|Any CPU.Build.0 = Release|Any CPU
		{A48D6DB8-FD30-44C5-DB6E-B0466911F48E}.Debug|Any CPU.ActiveCfg = Debug|Any CPU
		{A48D6DB8-FD30-44C5-DB6E-B0466911F48E}.Debug|Any CPU.Build.0 = Debug|Any CPU
		{A48D6DB8-FD30-44C5-DB6E-B0466911F48E}.Release|Any CPU.ActiveCfg = Release|Any CPU
		{A48D6DB8-FD30-44C5-DB6E-B0466911F48E}.Release|Any CPU.Build.0 = Release|Any CPU
	EndGlobalSection
	GlobalSection(SolutionProperties) = preSolution
		HideSolutionNode = FALSE
	EndGlobalSection
																																																																																																																																									GlobalSection(MonoDevelopProperties) = preSolution
		StartupItem = Assembly-CSharp.csproj
		Policies = $0
		$0.TextStylePolicy = $1
		$1.inheritsSet = null
		$1.scope = text/x-csharp
		$0.CSharpFormattingPolicy = $2
		$2.inheritsSet = Mono
		$2.inheritsScope = text/x-csharp
		$2.scope = text/x-csharp
		$0.TextStylePolicy = $3
		$3.FileWidth = 120
		$3.TabWidth = 4
		$3.EolMarker = Unix
		$3.inheritsSet = Mono
		$3.inheritsScope = text/plain
		$3.scope = text/plain
	EndGlobalSection

EndGlobal
